
Microsoft Visual Studio Solution File, Format Version 12.00
# Visual Studio Version 17
VisualStudioVersion = 17.14.37516.0 d17.14
MinimumVisualStudioVersion = 10.0.40219.1
Project("{FAE04EC0-301F-11D3-BF4B-00C04F79EFBC}") = "prac4", "prac4.csproj", "{6E712891-7D71-47C9-90E0-D6FB89F96310}"
EndProject
Global
	GlobalSection(SolutionConfigurationPlatforms) = preSolution
		Debug|Any CPU = Debug|Any CPU
		Release|Any CPU = Release|Any CPU
	EndGlobalSection
	GlobalSection(ProjectConfigurationPlatforms) = postSolution
		{6E712891-7D71-47C9-90E0-D6FB89F96310}.Debug|Any CPU.ActiveCfg = Debug|Any CPU
		{6E712891-7D71-47C9-90E0-D6FB89F96310}.Debug|Any CPU.Build.0 = Debug|Any CPU
		{6E712891-7D71-47C9-90E0-D6FB89F96310}.Release|Any CPU.ActiveCfg = Release|Any CPU
		{6E712891-7D71-47C9-90E0-D6FB89F96310}.Release|Any CPU.Build.0 = Release|Any CPU
	EndGlobalSection
	GlobalSection(SolutionProperties) = preSolution
		HideSolutionNode = FALSE
	EndGlobalSection
	GlobalSection(ExtensibilityGlobals) = postSolution
		SolutionGuid = {2D87D419-0AF5-4F22-8861-B84453AFB08D}
	EndGlobalSection
EndGlobal
