
Microsoft Visual Studio Solution File, Format Version 12.00
# Visual Studio Version 17
VisualStudioVersion = 17.14.37516.0 d17.14
MinimumVisualStudioVersion = 10.0.40219.1
Project("{FAE04EC0-301F-11D3-BF4B-00C04F79EFBC}") = "Prac-4", "Prac-4.csproj", "{04E64386-3D5A-402F-B39C-8E132D2B5009}"
EndProject
Global
	GlobalSection(SolutionConfigurationPlatforms) = preSolution
		Debug|Any CPU = Debug|Any CPU
		Release|Any CPU = Release|Any CPU
	EndGlobalSection
	GlobalSection(ProjectConfigurationPlatforms) = postSolution
		{04E64386-3D5A-402F-B39C-8E132D2B5009}.Debug|Any CPU.ActiveCfg = Debug|Any CPU
		{04E64386-3D5A-402F-B39C-8E132D2B5009}.Debug|Any CPU.Build.0 = Debug|Any CPU
		{04E64386-3D5A-402F-B39C-8E132D2B5009}.Release|Any CPU.ActiveCfg = Release|Any CPU
		{04E64386-3D5A-402F-B39C-8E132D2B5009}.Release|Any CPU.Build.0 = Release|Any CPU
	EndGlobalSection
	GlobalSection(SolutionProperties) = preSolution
		HideSolutionNode = FALSE
	EndGlobalSection
	GlobalSection(ExtensibilityGlobals) = postSolution
		SolutionGuid = {CC727AAC-CEEB-40BC-BFC6-FF9FE2298C3D}
	EndGlobalSection
EndGlobal
